
Microsoft Visual Studio Solution File, Format Version 12.00
# Visual Studio 2013
VisualStudioVersion = 12.0.40629.0
MinimumVisualStudioVersion = 10.0.40219.1
Project("{FAE04EC0-301F-11D3-BF4B-00C04F79EFBC}") = "Ferrero.DAL", "Ferrero.DAL\Ferrero.DAL.csproj", "{7A3DEE25-AD17-4908-969A-E1654CCF302D}"
EndProject
Project("{FAE04EC0-301F-11D3-BF4B-00C04F79EFBC}") = "Ferrero.Model", "Ferrero.Model\Ferrero.Model.csproj", "{55758D74-C3D7-4CE8-8C84-A07E9B60CB9A}"
EndProject
Project("{FAE04EC0-301F-11D3-BF4B-00C04F79EFBC}") = "Ferrero.BLL", "Ferrero.BLL\Ferrero.BLL.csproj", "{1E509982-4C4D-4995-A6C7-8C7C6E158AA5}"
EndProject
Project("{FAE04EC0-301F-11D3-BF4B-00C04F79EFBC}") = "Raysoft.DBUtility", "Raysoft.DBUtility\Raysoft.DBUtility.csproj", "{065298FD-AF43-4AE8-9F2C-190899447C17}"
EndProject
Project("{FAE04EC0-301F-11D3-BF4B-00C04F79EFBC}") = "Raysoft.Common", "Raysoft.Common\Raysoft.Common.csproj", "{F6B013C2-12AB-49B6-9A83-204C1B6B084F}"
EndProject
Project("{FAE04EC0-301F-11D3-BF4B-00C04F79EFBC}") = "Ferrero", "Ferrero\Ferrero.csproj", "{CA25E16C-0ED6-4577-9E1C-7B22115DDFFD}"
EndProject
Global
	GlobalSection(SolutionConfigurationPlatforms) = preSolution
		Debug|Any CPU = Debug|Any CPU
		Debug|Mixed Platforms = Debug|Mixed Platforms
		Debug|x86 = Debug|x86
		Release|Any CPU = Release|Any CPU
		Release|Mixed Platforms = Release|Mixed Platforms
		Release|x86 = Release|x86
	EndGlobalSection
	GlobalSection(ProjectConfigurationPlatforms) = postSolution
		{7A3DEE25-AD17-4908-969A-E1654CCF302D}.Debug|Any CPU.ActiveCfg = Debug|Any CPU
		{7A3DEE25-AD17-4908-969A-E1654CCF302D}.Debug|Any CPU.Build.0 = Debug|Any CPU
		{7A3DEE25-AD17-4908-969A-E1654CCF302D}.Debug|Mixed Platforms.ActiveCfg = Debug|Any CPU
		{7A3DEE25-AD17-4908-969A-E1654CCF302D}.Debug|Mixed Platforms.Build.0 = Debug|Any CPU
		{7A3DEE25-AD17-4908-969A-E1654CCF302D}.Debug|x86.ActiveCfg = Debug|Any CPU
		{7A3DEE25-AD17-4908-969A-E1654CCF302D}.Release|Any CPU.ActiveCfg = Release|Any CPU
		{7A3DEE25-AD17-4908-969A-E1654CCF302D}.Release|Any CPU.Build.0 = Release|Any CPU
		{7A3DEE25-AD17-4908-969A-E1654CCF302D}.Release|Mixed Platforms.ActiveCfg = Release|Any CPU
		{7A3DEE25-AD17-4908-969A-E1654CCF302D}.Release|Mixed Platforms.Build.0 = Release|Any CPU
		{7A3DEE25-AD17-4908-969A-E1654CCF302D}.Release|x86.ActiveCfg = Release|Any CPU
		{55758D74-C3D7-4CE8-8C84-A07E9B60CB9A}.Debug|Any CPU.ActiveCfg = Debug|Any CPU
		{55758D74-C3D7-4CE8-8C84-A07E9B60CB9A}.Debug|Any CPU.Build.0 = Debug|Any CPU
		{55758D74-C3D7-4CE8-8C84-A07E9B60CB9A}.Debug|Mixed Platforms.ActiveCfg = Debug|Any CPU
		{55758D74-C3D7-4CE8-8C84-A07E9B60CB9A}.Debug|Mixed Platforms.Build.0 = Debug|Any CPU
		{55758D74-C3D7-4CE8-8C84-A07E9B60CB9A}.Debug|x86.ActiveCfg = Debug|Any CPU
		{55758D74-C3D7-4CE8-8C84-A07E9B60CB9A}.Release|Any CPU.ActiveCfg = Release|Any CPU
		{55758D74-C3D7-4CE8-8C84-A07E9B60CB9A}.Release|Any CPU.Build.0 = Release|Any CPU
		{55758D74-C3D7-4CE8-8C84-A07E9B60CB9A}.Release|Mixed Platforms.ActiveCfg = Release|Any CPU
		{55758D74-C3D7-4CE8-8C84-A07E9B60CB9A}.Release|Mixed Platforms.Build.0 = Release|Any CPU
		{55758D74-C3D7-4CE8-8C84-A07E9B60CB9A}.Release|x86.ActiveCfg = Release|Any CPU
		{1E509982-4C4D-4995-A6C7-8C7C6E158AA5}.Debug|Any CPU.ActiveCfg = Debug|Any CPU
		{1E509982-4C4D-4995-A6C7-8C7C6E158AA5}.Debug|Any CPU.Build.0 = Debug|Any CPU
		{1E509982-4C4D-4995-A6C7-8C7C6E158AA5}.Debug|Mixed Platforms.ActiveCfg = Debug|Any CPU
		{1E509982-4C4D-4995-A6C7-8C7C6E158AA5}.Debug|Mixed Platforms.Build.0 = Debug|Any CPU
		{1E509982-4C4D-4995-A6C7-8C7C6E158AA5}.Debug|x86.ActiveCfg = Debug|Any CPU
		{1E509982-4C4D-4995-A6C7-8C7C6E158AA5}.Release|Any CPU.ActiveCfg = Release|Any CPU
		{1E509982-4C4D-4995-A6C7-8C7C6E158AA5}.Release|Any CPU.Build.0 = Release|Any CPU
		{1E509982-4C4D-4995-A6C7-8C7C6E158AA5}.Release|Mixed Platforms.ActiveCfg = Release|Any CPU
		{1E509982-4C4D-4995-A6C7-8C7C6E158AA5}.Release|Mixed Platforms.Build.0 = Release|Any CPU
		{1E509982-4C4D-4995-A6C7-8C7C6E158AA5}.Release|x86.ActiveCfg = Release|Any CPU
		{065298FD-AF43-4AE8-9F2C-190899447C17}.Debug|Any CPU.ActiveCfg = Debug|Any CPU
		{065298FD-AF43-4AE8-9F2C-190899447C17}.Debug|Any CPU.Build.0 = Debug|Any CPU
		{065298FD-AF43-4AE8-9F2C-190899447C17}.Debug|Mixed Platforms.ActiveCfg = Debug|Any CPU
		{065298FD-AF43-4AE8-9F2C-190899447C17}.Debug|Mixed Platforms.Build.0 = Debug|Any CPU
		{065298FD-AF43-4AE8-9F2C-190899447C17}.Debug|x86.ActiveCfg = Debug|Any CPU
		{065298FD-AF43-4AE8-9F2C-190899447C17}.Release|Any CPU.ActiveCfg = Release|Any CPU
		{065298FD-AF43-4AE8-9F2C-190899447C17}.Release|Any CPU.Build.0 = Release|Any CPU
		{065298FD-AF43-4AE8-9F2C-190899447C17}.Release|Mixed Platforms.ActiveCfg = Release|Any CPU
		{065298FD-AF43-4AE8-9F2C-190899447C17}.Release|Mixed Platforms.Build.0 = Release|Any CPU
		{065298FD-AF43-4AE8-9F2C-190899447C17}.Release|x86.ActiveCfg = Release|Any CPU
		{F6B013C2-12AB-49B6-9A83-204C1B6B084F}.Debug|Any CPU.ActiveCfg = Debug|Any CPU
		{F6B013C2-12AB-49B6-9A83-204C1B6B084F}.Debug|Any CPU.Build.0 = Debug|Any CPU
		{F6B013C2-12AB-49B6-9A83-204C1B6B084F}.Debug|Mixed Platforms.ActiveCfg = Debug|Any CPU
		{F6B013C2-12AB-49B6-9A83-204C1B6B084F}.Debug|Mixed Platforms.Build.0 = Debug|Any CPU
		{F6B013C2-12AB-49B6-9A83-204C1B6B084F}.Debug|x86.ActiveCfg = Debug|Any CPU
		{F6B013C2-12AB-49B6-9A83-204C1B6B084F}.Release|Any CPU.ActiveCfg = Release|Any CPU
		{F6B013C2-12AB-49B6-9A83-204C1B6B084F}.Release|Any CPU.Build.0 = Release|Any CPU
		{F6B013C2-12AB-49B6-9A83-204C1B6B084F}.Release|Mixed Platforms.ActiveCfg = Release|Any CPU
		{F6B013C2-12AB-49B6-9A83-204C1B6B084F}.Release|Mixed Platforms.Build.0 = Release|Any CPU
		{F6B013C2-12AB-49B6-9A83-204C1B6B084F}.Release|x86.ActiveCfg = Release|Any CPU
		{CA25E16C-0ED6-4577-9E1C-7B22115DDFFD}.Debug|Any CPU.ActiveCfg = Debug|x86
		{CA25E16C-0ED6-4577-9E1C-7B22115DDFFD}.Debug|Mixed Platforms.ActiveCfg = Debug|x86
		{CA25E16C-0ED6-4577-9E1C-7B22115DDFFD}.Debug|Mixed Platforms.Build.0 = Debug|x86
		{CA25E16C-0ED6-4577-9E1C-7B22115DDFFD}.Debug|x86.ActiveCfg = Debug|x86
		{CA25E16C-0ED6-4577-9E1C-7B22115DDFFD}.Debug|x86.Build.0 = Debug|x86
		{CA25E16C-0ED6-4577-9E1C-7B22115DDFFD}.Release|Any CPU.ActiveCfg = Release|x86
		{CA25E16C-0ED6-4577-9E1C-7B22115DDFFD}.Release|Mixed Platforms.ActiveCfg = Release|x86
		{CA25E16C-0ED6-4577-9E1C-7B22115DDFFD}.Release|Mixed Platforms.Build.0 = Release|x86
		{CA25E16C-0ED6-4577-9E1C-7B22115DDFFD}.Release|x86.ActiveCfg = Release|x86
		{CA25E16C-0ED6-4577-9E1C-7B22115DDFFD}.Release|x86.Build.0 = Release|x86
	EndGlobalSection
	GlobalSection(SolutionProperties) = preSolution
		HideSolutionNode = FALSE
	EndGlobalSection
EndGlobal
